
Microsoft Visual Studio Solution File, Format Version 12.00
# Visual Studio Version 17
VisualStudioVersion = 17.11.35222.181
MinimumVisualStudioVersion = 10.0.40219.1
Project("{9A19103F-16F7-4668-BE54-9A1E7A4F7556}") = "E_Commerce System", "E_Commerce System\E_Commerce System.csproj", "{9A666139-7FE2-41F8-A438-8F070DFB5FC1}"
EndProject
Project("{9A19103F-16F7-4668-BE54-9A1E7A4F7556}") = "E_commerceManagementSystem.BLL", "E_commerceManagementSystem.BLL\E_commerceManagementSystem.BLL.csproj", "{C6C14D2A-F702-4BB0-8EFD-4AE3DAD5D3DE}"
EndProject
Project("{9A19103F-16F7-4668-BE54-9A1E7A4F7556}") = "E_commerceManagementSystem.DAL", "E_commerceManagementSystem.DAL\E_commerceManagementSystem.DAL.csproj", "{70FBF20D-57FB-4EFC-9953-69673E454C27}"
EndProject
Global
	GlobalSection(SolutionConfigurationPlatforms) = preSolution
		Debug|Any CPU = Debug|Any CPU
		Release|Any CPU = Release|Any CPU
	EndGlobalSection
	GlobalSection(ProjectConfigurationPlatforms) = postSolution
		{9A666139-7FE2-41F8-A438-8F070DFB5FC1}.Debug|Any CPU.ActiveCfg = Debug|Any CPU
		{9A666139-7FE2-41F8-A438-8F070DFB5FC1}.Debug|Any CPU.Build.0 = Debug|Any CPU
		{9A666139-7FE2-41F8-A438-8F070DFB5FC1}.Release|Any CPU.ActiveCfg = Release|Any CPU
		{9A666139-7FE2-41F8-A438-8F070DFB5FC1}.Release|Any CPU.Build.0 = Release|Any CPU
		{C6C14D2A-F702-4BB0-8EFD-4AE3DAD5D3DE}.Debug|Any CPU.ActiveCfg = Debug|Any CPU
		{C6C14D2A-F702-4BB0-8EFD-4AE3DAD5D3DE}.Debug|Any CPU.Build.0 = Debug|Any CPU
		{C6C14D2A-F702-4BB0-8EFD-4AE3DAD5D3DE}.Release|Any CPU.ActiveCfg = Release|Any CPU
		{C6C14D2A-F702-4BB0-8EFD-4AE3DAD5D3DE}.Release|Any CPU.Build.0 = Release|Any CPU
		{70FBF20D-57FB-4EFC-9953-69673E454C27}.Debug|Any CPU.ActiveCfg = Debug|Any CPU
		{70FBF20D-57FB-4EFC-9953-69673E454C27}.Debug|Any CPU.Build.0 = Debug|Any CPU
		{70FBF20D-57FB-4EFC-9953-69673E454C27}.Release|Any CPU.ActiveCfg = Release|Any CPU
		{70FBF20D-57FB-4EFC-9953-69673E454C27}.Release|Any CPU.Build.0 = Release|Any CPU
	EndGlobalSection
	GlobalSection(SolutionProperties) = preSolution
		HideSolutionNode = FALSE
	EndGlobalSection
	GlobalSection(ExtensibilityGlobals) = postSolution
		SolutionGuid = {C458C793-A388-4ED0-A160-4E60FCE135E4}
	EndGlobalSection
EndGlobal
